// !$*UTF8*$!
{
	archiveVersion = 1;
	classes = {
	};
	objectVersion = 46;
	objects = {

/* Begin PBXBuildFile section */
		71BF978819EF307900650D8F /* main.m in Sources */ = {isa = PBXBuildFile; fileRef = 71BF978719EF307900650D8F /* main.m */; };
		71BF978B19EF307900650D8F /* AppDelegate.m in Sources */ = {isa = PBXBuildFile; fileRef = 71BF978A19EF307900650D8F /* AppDelegate.m */; };
		71BF979119EF307900650D8F /* Main.storyboard in Resources */ = {isa = PBXBuildFile; fileRef = 71BF978F19EF307900650D8F /* Main.storyboard */; };
		71BF979319EF307900650D8F /* Images.xcassets in Resources */ = {isa = PBXBuildFile; fileRef = 71BF979219EF307900650D8F /* Images.xcassets */; };
		71BF97A219EF307900650D8F /* SimpleDelegateTests.m in Sources */ = {isa = PBXBuildFile; fileRef = 71BF97A119EF307900650D8F /* SimpleDelegateTests.m */; };
		71BF97AD19EF309800650D8F /* ViewController.m in Sources */ = {isa = PBXBuildFile; fileRef = 71BF97AC19EF309800650D8F /* ViewController.m */; };
		71BF97B019EF31B500650D8F /* CustomTableViewCell.m in Sources */ = {isa = PBXBuildFile; fileRef = 71BF97AF19EF31B500650D8F /* CustomTableViewCell.m */; };
/* End PBXBuildFile section */

/* Begin PBXContainerItemProxy section */
		71BF979C19EF307900650D8F /* PBXContainerItemProxy */ = {
			isa = PBXContainerItemProxy;
			containerPortal = 71BF977A19EF307900650D8F /* Project object */;
			proxyType = 1;
			remoteGlobalIDString = 71BF978119EF307900650D8F;
			remoteInfo = SimpleDelegate;
		};
/* End PBXContainerItemProxy section */

/* Begin PBXFileReference section */
		71BF978219EF307900650D8F /* SimpleDelegate.app */ = {isa = PBXFileReference; explicitFileType = wrapper.application; includeInIndex = 0; path = SimpleDelegate.app; sourceTree = BUILT_PRODUCTS_DIR; };
		71BF978619EF307900650D8F /* Info.plist */ = {isa = PBXFileReference; lastKnownFileType = text.plist.xml; path = Info.plist; sourceTree = "<group>"; };
		71BF978719EF307900650D8F /* main.m */ = {isa = PBXFileReference; lastKnownFileType = sourcecode.c.objc; path = main.m; sourceTree = "<group>"; };
		71BF978919EF307900650D8F /* AppDelegate.h */ = {isa = PBXFileReference; lastKnownFileType = sourcecode.c.h; path = AppDelegate.h; sourceTree = "<group>"; };
		71BF978A19EF307900650D8F /* AppDelegate.m */ = {isa = PBXFileReference; lastKnownFileType = sourcecode.c.objc; path = AppDelegate.m; sourceTree = "<group>"; };
		71BF979019EF307900650D8F /* Base */ = {isa = PBXFileReference; lastKnownFileType = file.storyboard; name = Base; path = Base.lproj/Main.storyboard; sourceTree = "<group>"; };
		71BF979219EF307900650D8F /* Images.xcassets */ = {isa = PBXFileReference; lastKnownFileType = folder.assetcatalog; path = Images.xcassets; sourceTree = "<group>"; };
		71BF979B19EF307900650D8F /* SimpleDelegateTests.xctest */ = {isa = PBXFileReference; explicitFileType = wrapper.cfbundle; includeInIndex = 0; path = SimpleDelegateTests.xctest; sourceTree = BUILT_PRODUCTS_DIR; };
		71BF97A019EF307900650D8F /* Info.plist */ = {isa = PBXFileReference; lastKnownFileType = text.plist.xml; path = Info.plist; sourceTree = "<group>"; };
		71BF97A119EF307900650D8F /* SimpleDelegateTests.m */ = {isa = PBXFileReference; lastKnownFileType = sourcecode.c.objc; path = SimpleDelegateTests.m; sourceTree = "<group>"; };
		71BF97AB19EF309800650D8F /* ViewController.h */ = {isa = PBXFileReference; fileEncoding = 4; lastKnownFileType = sourcecode.c.h; path = ViewController.h; sourceTree = "<group>"; };
		71BF97AC19EF309800650D8F /* ViewController.m */ = {isa = PBXFileReference; fileEncoding = 4; lastKnownFileType = sourcecode.c.objc; path = ViewController.m; sourceTree = "<group>"; };
		71BF97AE19EF31B500650D8F /* CustomTableViewCell.h */ = {isa = PBXFileReference; fileEncoding = 4; lastKnownFileType = sourcecode.c.h; path = CustomTableViewCell.h; sourceTree = "<group>"; };
		71BF97AF19EF31B500650D8F /* CustomTableViewCell.m */ = {isa = PBXFileReference; fileEncoding = 4; lastKnownFileType = sourcecode.c.objc; path = CustomTableViewCell.m; sourceTree = "<group>"; };
/* End PBXFileReference section */

/* Begin PBXFrameworksBuildPhase section */
		71BF977F19EF307900650D8F /* Frameworks */ = {
			isa = PBXFrameworksBuildPhase;
			buildActionMask = 2147483647;
			files = (
			);
			runOnlyForDeploymentPostprocessing = 0;
		};
		71BF979819EF307900650D8F /* Frameworks */ = {
			isa = PBXFrameworksBuildPhase;
			buildActionMask = 2147483647;
			files = (
			);
			runOnlyForDeploymentPostprocessing = 0;
		};
/* End PBXFrameworksBuildPhase section */

/* Begin PBXGroup section */
		71BF977919EF307900650D8F = {
			isa = PBXGroup;
			children = (
				71BF978419EF307900650D8F /* SimpleDelegate */,
				71BF979E19EF307900650D8F /* SimpleDelegateTests */,
				71BF978319EF307900650D8F /* Products */,
			);
			sourceTree = "<group>";
		};
		71BF978319EF307900650D8F /* Products */ = {
			isa = PBXGroup;
			children = (
				71BF978219EF307900650D8F /* SimpleDelegate.app */,
				71BF979B19EF307900650D8F /* SimpleDelegateTests.xctest */,
			);
			name = Products;
			sourceTree = "<group>";
		};
		71BF978419EF307900650D8F /* SimpleDelegate */ = {
			isa = PBXGroup;
			children = (
				71BF978919EF307900650D8F /* AppDelegate.h */,
				71BF978A19EF307900650D8F /* AppDelegate.m */,
				71BF97AB19EF309800650D8F /* ViewController.h */,
				71BF97AC19EF309800650D8F /* ViewController.m */,
				71BF97AE19EF31B500650D8F /* CustomTableViewCell.h */,
				71BF97AF19EF31B500650D8F /* CustomTableViewCell.m */,
				71BF978F19EF307900650D8F /* Main.storyboard */,
				71BF979219EF307900650D8F /* Images.xcassets */,
				71BF978519EF307900650D8F /* Supporting Files */,
			);
			path = SimpleDelegate;
			sourceTree = "<group>";
		};
		71BF978519EF307900650D8F /* Supporting Files */ = {
			isa = PBXGroup;
			children = (
				71BF978619EF307900650D8F /* Info.plist */,
				71BF978719EF307900650D8F /* main.m */,
			);
			name = "Supporting Files";
			sourceTree = "<group>";
		};
		71BF979E19EF307900650D8F /* SimpleDelegateTests */ = {
			isa = PBXGroup;
			children = (
				71BF97A119EF307900650D8F /* SimpleDelegateTests.m */,
				71BF979F19EF307900650D8F /* Supporting Files */,
			);
			path = SimpleDelegateTests;
			sourceTree = "<group>";
		};
		71BF979F19EF307900650D8F /* Supporting Files */ = {
			isa = PBXGroup;
			children = (
				71BF97A019EF307900650D8F /* Info.plist */,
			);
			name = "Supporting Files";
			sourceTree = "<group>";
		};
/* End PBXGroup section */

/* Begin PBXNativeTarget section */
		71BF978119EF307900650D8F /* SimpleDelegate */ = {
			isa = PBXNativeTarget;
			buildConfigurationList = 71BF97A519EF307900650D8F /* Build configuration list for PBXNativeTarget "SimpleDelegate" */;
			buildPhases = (
				71BF977E19EF307900650D8F /* Sources */,
				71BF977F19EF307900650D8F /* Frameworks */,
				71BF978019EF307900650D8F /* Resources */,
			);
			buildRules = (
			);
			dependencies = (
			);
			name = SimpleDelegate;
			productName = SimpleDelegate;
			productReference = 71BF978219EF307900650D8F /* SimpleDelegate.app */;
			productType = "com.apple.product-type.application";
		};
		71BF979A19EF307900650D8F /* SimpleDelegateTests */ = {
			isa = PBXNativeTarget;
			buildConfigurationList = 71BF97A819EF307900650D8F /* Build configuration list for PBXNativeTarget "SimpleDelegateTests" */;
			buildPhases = (
				71BF979719EF307900650D8F /* Sources */,
				71BF979819EF307900650D8F /* Frameworks */,
				71BF979919EF307900650D8F /* Resources */,
			);
			buildRules = (
			);
			dependencies = (
				71BF979D19EF307900650D8F /* PBXTargetDependency */,
			);
			name = SimpleDelegateTests;
			productName = SimpleDelegateTests;
			productReference = 71BF979B19EF307900650D8F /* SimpleDelegateTests.xctest */;
			productType = "com.apple.product-type.bundle.unit-test";
		};
/* End PBXNativeTarget section */

/* Begin PBXProject section */
		71BF977A19EF307900650D8F /* Project object */ = {
			isa = PBXProject;
			attributes = {
				LastUpgradeCheck = 0600;
				ORGANIZATIONNAME = DevMountain;
				TargetAttributes = {
					71BF978119EF307900650D8F = {
						CreatedOnToolsVersion = 6.0;
					};
					71BF979A19EF307900650D8F = {
						CreatedOnToolsVersion = 6.0;
						TestTargetID = 71BF978119EF307900650D8F;
					};
				};
			};
			buildConfigurationList = 71BF977D19EF307900650D8F /* Build configuration list for PBXProject "SimpleDelegate" */;
			compatibilityVersion = "Xcode 3.2";
			developmentRegion = English;
			hasScannedForEncodings = 0;
			knownRegions = (
				en,
				Base,
			);
			mainGroup = 71BF977919EF307900650D8F;
			productRefGroup = 71BF978319EF307900650D8F /* Products */;
			projectDirPath = "";
			projectRoot = "";
			targets = (
				71BF978119EF307900650D8F /* SimpleDelegate */,
				71BF979A19EF307900650D8F /* SimpleDelegateTests */,
			);
		};
/* End PBXProject section */

/* Begin PBXResourcesBuildPhase section */
		71BF978019EF307900650D8F /* Resources */ = {
			isa = PBXResourcesBuildPhase;
			buildActionMask = 2147483647;
			files = (
				71BF979119EF307900650D8F /* Main.storyboard in Resources */,
				71BF979319EF307900650D8F /* Images.xcassets in Resources */,
			);
			runOnlyForDeploymentPostprocessing = 0;
		};
		71BF979919EF307900650D8F /* Resources */ = {
			isa = PBXResourcesBuildPhase;
			buildActionMask = 2147483647;
			files = (
			);
			runOnlyForDeploymentPostprocessing = 0;
		};
/* End PBXResourcesBuildPhase section */

/* Begin PBXSourcesBuildPhase section */
		71BF977E19EF307900650D8F /* Sources */ = {
			isa = PBXSourcesBuildPhase;
			buildActionMask = 2147483647;
			files = (
				71BF97AD19EF309800650D8F /* ViewController.m in Sources */,
				71BF978B19EF307900650D8F /* AppDelegate.m in Sources */,
				71BF97B019EF31B500650D8F /* CustomTableViewCell.m in Sources */,
				71BF978819EF307900650D8F /* main.m in Sources */,
			);
			runOnlyForDeploymentPostprocessing = 0;
		};
		71BF979719EF307900650D8F /* Sources */ = {
			isa = PBXSourcesBuildPhase;
			buildActionMask = 2147483647;
			files = (
				71BF97A219EF307900650D8F /* SimpleDelegateTests.m in Sources */,
			);
			runOnlyForDeploymentPostprocessing = 0;
		};
/* End PBXSourcesBuildPhase section */

/* Begin PBXTargetDependency section */
		71BF979D19EF307900650D8F /* PBXTargetDependency */ = {
			isa = PBXTargetDependency;
			target = 71BF978119EF307900650D8F /* SimpleDelegate */;
			targetProxy = 71BF979C19EF307900650D8F /* PBXContainerItemProxy */;
		};
/* End PBXTargetDependency section */

/* Begin PBXVariantGroup section */
		71BF978F19EF307900650D8F /* Main.storyboard */ = {
			isa = PBXVariantGroup;
			children = (
				71BF979019EF307900650D8F /* Base */,
			);
			name = Main.storyboard;
			sourceTree = "<group>";
		};
/* End PBXVariantGroup section */

/* Begin XCBuildConfiguration section */
		71BF97A319EF307900650D8F /* Debug */ = {
			isa = XCBuildConfiguration;
			buildSettings = {
				ALWAYS_SEARCH_USER_PATHS = NO;
				CLANG_CXX_LANGUAGE_STANDARD = "gnu++0x";
				CLANG_CXX_LIBRARY = "libc++";
				CLANG_ENABLE_MODULES = YES;
				CLANG_ENABLE_OBJC_ARC = YES;
				CLANG_WARN_BOOL_CONVERSION = YES;
				CLANG_WARN_CONSTANT_CONVERSION = YES;
				CLANG_WARN_DIRECT_OBJC_ISA_USAGE = YES_ERROR;
				CLANG_WARN_EMPTY_BODY = YES;
				CLANG_WARN_ENUM_CONVERSION = YES;
				CLANG_WARN_INT_CONVERSION = YES;
				CLANG_WARN_OBJC_ROOT_CLASS = YES_ERROR;
				CLANG_WARN_UNREACHABLE_CODE = YES;
				CLANG_WARN__DUPLICATE_METHOD_MATCH = YES;
				"CODE_SIGN_IDENTITY[sdk=iphoneos*]" = "iPhone Developer";
				COPY_PHASE_STRIP = NO;
				ENABLE_STRICT_OBJC_MSGSEND = YES;
				GCC_C_LANGUAGE_STANDARD = gnu99;
				GCC_DYNAMIC_NO_PIC = NO;
				GCC_OPTIMIZATION_LEVEL = 0;
				GCC_PREPROCESSOR_DEFINITIONS = (
					"DEBUG=1",
					"$(inherited)",
				);
				GCC_SYMBOLS_PRIVATE_EXTERN = NO;
				GCC_WARN_64_TO_32_BIT_CONVERSION = YES;
				GCC_WARN_ABOUT_RETURN_TYPE = YES_ERROR;
				GCC_WARN_UNDECLARED_SELECTOR = YES;
				GCC_WARN_UNINITIALIZED_AUTOS = YES_AGGRESSIVE;
				GCC_WARN_UNUSED_FUNCTION = YES;
				GCC_WARN_UNUSED_VARIABLE = YES;
				IPHONEOS_DEPLOYMENT_TARGET = 8.0;
				MTL_ENABLE_DEBUG_INFO = YES;
				ONLY_ACTIVE_ARCH = YES;
				SDKROOT = iphoneos;
			};
			name = Debug;
		};
		71BF97A419EF307900650D8F /* Release */ = {
			isa = XCBuildConfiguration;
			buildSettings = {
				ALWAYS_SEARCH_USER_PATHS = NO;
				CLANG_CXX_LANGUAGE_STANDARD = "gnu++0x";
				CLANG_CXX_LIBRARY = "libc++";
				CLANG_ENABLE_MODULES = YES;
				CLANG_ENABLE_OBJC_ARC = YES;
				CLANG_WARN_BOOL_CONVERSION = YES;
				CLANG_WARN_CONSTANT_CONVERSION = YES;
				CLANG_WARN_DIRECT_OBJC_ISA_USAGE = YES_ERROR;
				CLANG_WARN_EMPTY_BODY = YES;
				CLANG_WARN_ENUM_CONVERSION = YES;
				CLANG_WARN_INT_CONVERSION = YES;
				CLANG_WARN_OBJC_ROOT_CLASS = YES_ERROR;
				CLANG_WARN_UNREACHABLE_CODE = YES;
				CLANG_WARN__DUPLICATE_METHOD_MATCH = YES;
				"CODE_SIGN_IDENTITY[sdk=iphoneos*]" = "iPhone Developer";
				COPY_PHASE_STRIP = YES;
				ENABLE_NS_ASSERTIONS = NO;
				ENABLE_STRICT_OBJC_MSGSEND = YES;
				GCC_C_LANGUAGE_STANDARD = gnu99;
				GCC_WARN_64_TO_32_BIT_CONVERSION = YES;
				GCC_WARN_ABOUT_RETURN_TYPE = YES_ERROR;
				GCC_WARN_UNDECLARED_SELECTOR = YES;
				GCC_WARN_UNINITIALIZED_AUTOS = YES_AGGRESSIVE;
				GCC_WARN_UNUSED_FUNCTION = YES;
				GCC_WARN_UNUSED_VARIABLE = YES;
				IPHONEOS_DEPLOYMENT_TARGET = 8.0;
				MTL_ENABLE_DEBUG_INFO = NO;
				SDKROOT = iphoneos;
				VALIDATE_PRODUCT = YES;
			};
			name = Release;
		};
		71BF97A619EF307900650D8F /* Debug */ = {
			isa = XCBuildConfiguration;
			buildSettings = {
				ASSETCATALOG_COMPILER_APPICON_NAME = AppIcon;
				ASSETCATALOG_COMPILER_LAUNCHIMAGE_NAME = LaunchImage;
				INFOPLIST_FILE = SimpleDelegate/Info.plist;
				LD_RUNPATH_SEARCH_PATHS = "$(inherited) @executable_path/Frameworks";
				PRODUCT_NAME = "$(TARGET_NAME)";
			};
			name = Debug;
		};
		71BF97A719EF307900650D8F /* Release */ = {
			isa = XCBuildConfiguration;
			buildSettings = {
				ASSETCATALOG_COMPILER_APPICON_NAME = AppIcon;
				ASSETCATALOG_COMPILER_LAUNCHIMAGE_NAME = LaunchImage;
				INFOPLIST_FILE = SimpleDelegate/Info.plist;
				LD_RUNPATH_SEARCH_PATHS = "$(inherited) @executable_path/Frameworks";
				PRODUCT_NAME = "$(TARGET_NAME)";
			};
			name = Release;
		};
		71BF97A919EF307900650D8F /* Debug */ = {
			isa = XCBuildConfiguration;
			buildSettings = {
				BUNDLE_LOADER = "$(TEST_HOST)";
				FRAMEWORK_SEARCH_PATHS = (
					"$(SDKROOT)/Developer/Library/Frameworks",
					"$(inherited)",
				);
				GCC_PREPROCESSOR_DEFINITIONS = (
					"DEBUG=1",
					"$(inherited)",
				);
				INFOPLIST_FILE = SimpleDelegateTests/Info.plist;
				LD_RUNPATH_SEARCH_PATHS = "$(inherited) @executable_path/Frameworks @loader_path/Frameworks";
				PRODUCT_NAME = "$(TARGET_NAME)";
				TEST_HOST = "$(BUILT_PRODUCTS_DIR)/SimpleDelegate.app/SimpleDelegate";
			};
			name = Debug;
		};
		71BF97AA19EF307900650D8F /* Release */ = {
			isa = XCBuildConfiguration;
			buildSettings = {
				BUNDLE_LOADER = "$(TEST_HOST)";
				FRAMEWORK_SEARCH_PATHS = (
					"$(SDKROOT)/Developer/Library/Frameworks",
					"$(inherited)",
				);
				INFOPLIST_FILE = SimpleDelegateTests/Info.plist;
				LD_RUNPATH_SEARCH_PATHS = "$(inherited) @executable_path/Frameworks @loader_path/Frameworks";
				PRODUCT_NAME = "$(TARGET_NAME)";
				TEST_HOST = "$(BUILT_PRODUCTS_DIR)/SimpleDelegate.app/SimpleDelegate";
			};
			name = Release;
		};
/* End XCBuildConfiguration section */

/* Begin XCConfigurationList section */
		71BF977D19EF307900650D8F /* Build configuration list for PBXProject "SimpleDelegate" */ = {
			isa = XCConfigurationList;
			buildConfigurations = (
				71BF97A319EF307900650D8F /* Debug */,
				71BF97A419EF307900650D8F /* Release */,
			);
			defaultConfigurationIsVisible = 0;
			defaultConfigurationName = Release;
		};
		71BF97A519EF307900650D8F /* Build configuration list for PBXNativeTarget "SimpleDelegate" */ = {
			isa = XCConfigurationList;
			buildConfigurations = (
				71BF97A619EF307900650D8F /* Debug */,
				71BF97A719EF307900650D8F /* Release */,
			);
			defaultConfigurationIsVisible = 0;
		};
		71BF97A819EF307900650D8F /* Build configuration list for PBXNativeTarget "SimpleDelegateTests" */ = {
			isa = XCConfigurationList;
			buildConfigurations = (
				71BF97A919EF307900650D8F /* Debug */,
				71BF97AA19EF307900650D8F /* Release */,
			);
			defaultConfigurationIsVisible = 0;
		};
/* End XCConfigurationList section */
	};
	rootObject = 71BF977A19EF307900650D8F /* Project object */;
}
